<Solution>
  <Folder Name="/PreSignedUrl/">
    <File Path=".env" />
    <File Path="docker-compose.yml" />
    <Project Path="AppService/AppService.csproj" />
    <Project Path="Common.Secuirty/Common.Secuirty.csproj" Id="55e111e9-603b-43aa-a06b-378f84c0e33f" />
    <Project Path="StorageService/StorageService.csproj" />
  </Folder>
</Solution>
